// !$*UTF8*$!
{
	archiveVersion = 1;
	classes = {
	};
	objectVersion = 46;
	objects = {

/* Begin PBXBuildFile section */
		9495C86E1EAA1D8B00DAF6AC /* 1.png in Resources */ = {isa = PBXBuildFile; fileRef = 9495C8641EAA1D8B00DAF6AC /* 1.png */; };
		9495C86F1EAA1D8B00DAF6AC /* 10.png in Resources */ = {isa = PBXBuildFile; fileRef = 9495C8651EAA1D8B00DAF6AC /* 10.png */; };
		9495C8701EAA1D8B00DAF6AC /* 2.png in Resources */ = {isa = PBXBuildFile; fileRef = 9495C8661EAA1D8B00DAF6AC /* 2.png */; };
		9495C8711EAA1D8B00DAF6AC /* 3.png in Resources */ = {isa = PBXBuildFile; fileRef = 9495C8671EAA1D8B00DAF6AC /* 3.png */; };
		9495C8721EAA1D8B00DAF6AC /* 4.png in Resources */ = {isa = PBXBuildFile; fileRef = 9495C8681EAA1D8B00DAF6AC /* 4.png */; };
		9495C8731EAA1D8B00DAF6AC /* 5.png in Resources */ = {isa = PBXBuildFile; fileRef = 9495C8691EAA1D8B00DAF6AC /* 5.png */; };
		9495C8741EAA1D8B00DAF6AC /* 6.png in Resources */ = {isa = PBXBuildFile; fileRef = 9495C86A1EAA1D8B00DAF6AC /* 6.png */; };
		9495C8751EAA1D8B00DAF6AC /* 7.png in Resources */ = {isa = PBXBuildFile; fileRef = 9495C86B1EAA1D8B00DAF6AC /* 7.png */; };
		9495C8761EAA1D8B00DAF6AC /* 8.png in Resources */ = {isa = PBXBuildFile; fileRef = 9495C86C1EAA1D8B00DAF6AC /* 8.png */; };
		9495C8771EAA1D8B00DAF6AC /* 9.png in Resources */ = {isa = PBXBuildFile; fileRef = 9495C86D1EAA1D8B00DAF6AC /* 9.png */; };
		9495C88C1EAE247C00DAF6AC /* BAHMoreViewController.m in Sources */ = {isa = PBXBuildFile; fileRef = 9495C88B1EAE247C00DAF6AC /* BAHMoreViewController.m */; };
		9495C8981EAE2CFB00DAF6AC /* BAHCollectionViewCell.m in Sources */ = {isa = PBXBuildFile; fileRef = 9495C88F1EAE2CFB00DAF6AC /* BAHCollectionViewCell.m */; };
		9495C8991EAE2CFB00DAF6AC /* BAHCollectionViewCell.xib in Resources */ = {isa = PBXBuildFile; fileRef = 9495C8901EAE2CFB00DAF6AC /* BAHCollectionViewCell.xib */; };
		9495C89A1EAE2CFB00DAF6AC /* BAHCollectionViewCellPlus.m in Sources */ = {isa = PBXBuildFile; fileRef = 9495C8921EAE2CFB00DAF6AC /* BAHCollectionViewCellPlus.m */; };
		9495C89B1EAE2CFB00DAF6AC /* BAHCollectionViewCellPlus.xib in Resources */ = {isa = PBXBuildFile; fileRef = 9495C8931EAE2CFB00DAF6AC /* BAHCollectionViewCellPlus.xib */; };
		9495C89C1EAE2CFB00DAF6AC /* BAHCollectionViewFlowLayout.m in Sources */ = {isa = PBXBuildFile; fileRef = 9495C8951EAE2CFB00DAF6AC /* BAHCollectionViewFlowLayout.m */; };
		9495C89D1EAE2CFB00DAF6AC /* BAHFunctionView.m in Sources */ = {isa = PBXBuildFile; fileRef = 9495C8971EAE2CFB00DAF6AC /* BAHFunctionView.m */; };
		9495C8B81EAF1E5300DAF6AC /* 21.png in Resources */ = {isa = PBXBuildFile; fileRef = 9495C8AF1EAF1E5300DAF6AC /* 21.png */; };
		9495C8B91EAF1E5300DAF6AC /* 22.png in Resources */ = {isa = PBXBuildFile; fileRef = 9495C8B01EAF1E5300DAF6AC /* 22.png */; };
		9495C8BA1EAF1E5300DAF6AC /* 23.png in Resources */ = {isa = PBXBuildFile; fileRef = 9495C8B11EAF1E5300DAF6AC /* 23.png */; };
		9495C8BB1EAF1E5300DAF6AC /* 24.png in Resources */ = {isa = PBXBuildFile; fileRef = 9495C8B21EAF1E5300DAF6AC /* 24.png */; };
		9495C8BC1EAF1E5300DAF6AC /* 25.png in Resources */ = {isa = PBXBuildFile; fileRef = 9495C8B31EAF1E5300DAF6AC /* 25.png */; };
		9495C8BD1EAF1E5300DAF6AC /* 26.png in Resources */ = {isa = PBXBuildFile; fileRef = 9495C8B41EAF1E5300DAF6AC /* 26.png */; };
		9495C8BE1EAF1E5300DAF6AC /* 27.png in Resources */ = {isa = PBXBuildFile; fileRef = 9495C8B51EAF1E5300DAF6AC /* 27.png */; };
		9495C8BF1EAF1E5300DAF6AC /* 28.png in Resources */ = {isa = PBXBuildFile; fileRef = 9495C8B61EAF1E5300DAF6AC /* 28.png */; };
		9495C8C01EAF1E5300DAF6AC /* 29.png in Resources */ = {isa = PBXBuildFile; fileRef = 9495C8B71EAF1E5300DAF6AC /* 29.png */; };
		9495C8C21EB06B9D00DAF6AC /* delete.png in Resources */ = {isa = PBXBuildFile; fileRef = 9495C8C11EB06B9D00DAF6AC /* delete.png */; };
		94DFC12B1EA9B6D40039EF2B /* main.m in Sources */ = {isa = PBXBuildFile; fileRef = 94DFC12A1EA9B6D40039EF2B /* main.m */; };
		94DFC12E1EA9B6D40039EF2B /* AppDelegate.m in Sources */ = {isa = PBXBuildFile; fileRef = 94DFC12D1EA9B6D40039EF2B /* AppDelegate.m */; };
		94DFC1311EA9B6D40039EF2B /* ViewController.m in Sources */ = {isa = PBXBuildFile; fileRef = 94DFC1301EA9B6D40039EF2B /* ViewController.m */; };
		94DFC1341EA9B6D40039EF2B /* Main.storyboard in Resources */ = {isa = PBXBuildFile; fileRef = 94DFC1321EA9B6D40039EF2B /* Main.storyboard */; };
		94DFC1361EA9B6D40039EF2B /* Assets.xcassets in Resources */ = {isa = PBXBuildFile; fileRef = 94DFC1351EA9B6D40039EF2B /* Assets.xcassets */; };
		94DFC1391EA9B6D40039EF2B /* LaunchScreen.storyboard in Resources */ = {isa = PBXBuildFile; fileRef = 94DFC1371EA9B6D40039EF2B /* LaunchScreen.storyboard */; };
		94DFC1441EA9B6D50039EF2B /* BAHCollectionViewSelectionTests.m in Sources */ = {isa = PBXBuildFile; fileRef = 94DFC1431EA9B6D50039EF2B /* BAHCollectionViewSelectionTests.m */; };
		94DFC14F1EA9B6D50039EF2B /* BAHCollectionViewSelectionUITests.m in Sources */ = {isa = PBXBuildFile; fileRef = 94DFC14E1EA9B6D50039EF2B /* BAHCollectionViewSelectionUITests.m */; };
/* End PBXBuildFile section */

/* Begin PBXContainerItemProxy section */
		94DFC1401EA9B6D50039EF2B /* PBXContainerItemProxy */ = {
			isa = PBXContainerItemProxy;
			containerPortal = 94DFC11E1EA9B6D40039EF2B /* Project object */;
			proxyType = 1;
			remoteGlobalIDString = 94DFC1251EA9B6D40039EF2B;
			remoteInfo = BAHCollectionViewSelection;
		};
		94DFC14B1EA9B6D50039EF2B /* PBXContainerItemProxy */ = {
			isa = PBXContainerItemProxy;
			containerPortal = 94DFC11E1EA9B6D40039EF2B /* Project object */;
			proxyType = 1;
			remoteGlobalIDString = 94DFC1251EA9B6D40039EF2B;
			remoteInfo = BAHCollectionViewSelection;
		};
/* End PBXContainerItemProxy section */

/* Begin PBXFileReference section */
		9495C8641EAA1D8B00DAF6AC /* 1.png */ = {isa = PBXFileReference; lastKnownFileType = image.png; path = 1.png; sourceTree = "<group>"; };
		9495C8651EAA1D8B00DAF6AC /* 10.png */ = {isa = PBXFileReference; lastKnownFileType = image.png; path = 10.png; sourceTree = "<group>"; };
		9495C8661EAA1D8B00DAF6AC /* 2.png */ = {isa = PBXFileReference; lastKnownFileType = image.png; path = 2.png; sourceTree = "<group>"; };
		9495C8671EAA1D8B00DAF6AC /* 3.png */ = {isa = PBXFileReference; lastKnownFileType = image.png; path = 3.png; sourceTree = "<group>"; };
		9495C8681EAA1D8B00DAF6AC /* 4.png */ = {isa = PBXFileReference; lastKnownFileType = image.png; path = 4.png; sourceTree = "<group>"; };
		9495C8691EAA1D8B00DAF6AC /* 5.png */ = {isa = PBXFileReference; lastKnownFileType = image.png; path = 5.png; sourceTree = "<group>"; };
		9495C86A1EAA1D8B00DAF6AC /* 6.png */ = {isa = PBXFileReference; lastKnownFileType = image.png; path = 6.png; sourceTree = "<group>"; };
		9495C86B1EAA1D8B00DAF6AC /* 7.png */ = {isa = PBXFileReference; lastKnownFileType = image.png; path = 7.png; sourceTree = "<group>"; };
		9495C86C1EAA1D8B00DAF6AC /* 8.png */ = {isa = PBXFileReference; lastKnownFileType = image.png; path = 8.png; sourceTree = "<group>"; };
		9495C86D1EAA1D8B00DAF6AC /* 9.png */ = {isa = PBXFileReference; lastKnownFileType = image.png; path = 9.png; sourceTree = "<group>"; };
		9495C88A1EAE247C00DAF6AC /* BAHMoreViewController.h */ = {isa = PBXFileReference; fileEncoding = 4; lastKnownFileType = sourcecode.c.h; path = BAHMoreViewController.h; sourceTree = "<group>"; };
		9495C88B1EAE247C00DAF6AC /* BAHMoreViewController.m */ = {isa = PBXFileReference; fileEncoding = 4; lastKnownFileType = sourcecode.c.objc; path = BAHMoreViewController.m; sourceTree = "<group>"; };
		9495C88E1EAE2CFB00DAF6AC /* BAHCollectionViewCell.h */ = {isa = PBXFileReference; fileEncoding = 4; lastKnownFileType = sourcecode.c.h; path = BAHCollectionViewCell.h; sourceTree = "<group>"; };
		9495C88F1EAE2CFB00DAF6AC /* BAHCollectionViewCell.m */ = {isa = PBXFileReference; fileEncoding = 4; lastKnownFileType = sourcecode.c.objc; path = BAHCollectionViewCell.m; sourceTree = "<group>"; };
		9495C8901EAE2CFB00DAF6AC /* BAHCollectionViewCell.xib */ = {isa = PBXFileReference; fileEncoding = 4; lastKnownFileType = file.xib; path = BAHCollectionViewCell.xib; sourceTree = "<group>"; };
		9495C8911EAE2CFB00DAF6AC /* BAHCollectionViewCellPlus.h */ = {isa = PBXFileReference; fileEncoding = 4; lastKnownFileType = sourcecode.c.h; path = BAHCollectionViewCellPlus.h; sourceTree = "<group>"; };
		9495C8921EAE2CFB00DAF6AC /* BAHCollectionViewCellPlus.m */ = {isa = PBXFileReference; fileEncoding = 4; lastKnownFileType = sourcecode.c.objc; path = BAHCollectionViewCellPlus.m; sourceTree = "<group>"; };
		9495C8931EAE2CFB00DAF6AC /* BAHCollectionViewCellPlus.xib */ = {isa = PBXFileReference; fileEncoding = 4; lastKnownFileType = file.xib; path = BAHCollectionViewCellPlus.xib; sourceTree = "<group>"; };
		9495C8941EAE2CFB00DAF6AC /* BAHCollectionViewFlowLayout.h */ = {isa = PBXFileReference; fileEncoding = 4; lastKnownFileType = sourcecode.c.h; path = BAHCollectionViewFlowLayout.h; sourceTree = "<group>"; };
		9495C8951EAE2CFB00DAF6AC /* BAHCollectionViewFlowLayout.m */ = {isa = PBXFileReference; fileEncoding = 4; lastKnownFileType = sourcecode.c.objc; path = BAHCollectionViewFlowLayout.m; sourceTree = "<group>"; };
		9495C8961EAE2CFB00DAF6AC /* BAHFunctionView.h */ = {isa = PBXFileReference; fileEncoding = 4; lastKnownFileType = sourcecode.c.h; path = BAHFunctionView.h; sourceTree = "<group>"; };
		9495C8971EAE2CFB00DAF6AC /* BAHFunctionView.m */ = {isa = PBXFileReference; fileEncoding = 4; lastKnownFileType = sourcecode.c.objc; path = BAHFunctionView.m; sourceTree = "<group>"; };
		9495C8AF1EAF1E5300DAF6AC /* 21.png */ = {isa = PBXFileReference; lastKnownFileType = image.png; path = 21.png; sourceTree = "<group>"; };
		9495C8B01EAF1E5300DAF6AC /* 22.png */ = {isa = PBXFileReference; lastKnownFileType = image.png; path = 22.png; sourceTree = "<group>"; };
		9495C8B11EAF1E5300DAF6AC /* 23.png */ = {isa = PBXFileReference; lastKnownFileType = image.png; path = 23.png; sourceTree = "<group>"; };
		9495C8B21EAF1E5300DAF6AC /* 24.png */ = {isa = PBXFileReference; lastKnownFileType = image.png; path = 24.png; sourceTree = "<group>"; };
		9495C8B31EAF1E5300DAF6AC /* 25.png */ = {isa = PBXFileReference; lastKnownFileType = image.png; path = 25.png; sourceTree = "<group>"; };
		9495C8B41EAF1E5300DAF6AC /* 26.png */ = {isa = PBXFileReference; lastKnownFileType = image.png; path = 26.png; sourceTree = "<group>"; };
		9495C8B51EAF1E5300DAF6AC /* 27.png */ = {isa = PBXFileReference; lastKnownFileType = image.png; path = 27.png; sourceTree = "<group>"; };
		9495C8B61EAF1E5300DAF6AC /* 28.png */ = {isa = PBXFileReference; lastKnownFileType = image.png; path = 28.png; sourceTree = "<group>"; };
		9495C8B71EAF1E5300DAF6AC /* 29.png */ = {isa = PBXFileReference; lastKnownFileType = image.png; path = 29.png; sourceTree = "<group>"; };
		9495C8C11EB06B9D00DAF6AC /* delete.png */ = {isa = PBXFileReference; lastKnownFileType = image.png; path = delete.png; sourceTree = "<group>"; };
		94DFC1261EA9B6D40039EF2B /* BAHCollectionViewSelection.app */ = {isa = PBXFileReference; explicitFileType = wrapper.application; includeInIndex = 0; path = BAHCollectionViewSelection.app; sourceTree = BUILT_PRODUCTS_DIR; };
		94DFC12A1EA9B6D40039EF2B /* main.m */ = {isa = PBXFileReference; lastKnownFileType = sourcecode.c.objc; path = main.m; sourceTree = "<group>"; };
		94DFC12C1EA9B6D40039EF2B /* AppDelegate.h */ = {isa = PBXFileReference; lastKnownFileType = sourcecode.c.h; path = AppDelegate.h; sourceTree = "<group>"; };
		94DFC12D1EA9B6D40039EF2B /* AppDelegate.m */ = {isa = PBXFileReference; lastKnownFileType = sourcecode.c.objc; path = AppDelegate.m; sourceTree = "<group>"; };
		94DFC12F1EA9B6D40039EF2B /* ViewController.h */ = {isa = PBXFileReference; lastKnownFileType = sourcecode.c.h; path = ViewController.h; sourceTree = "<group>"; };
		94DFC1301EA9B6D40039EF2B /* ViewController.m */ = {isa = PBXFileReference; lastKnownFileType = sourcecode.c.objc; path = ViewController.m; sourceTree = "<group>"; };
		94DFC1331EA9B6D40039EF2B /* Base */ = {isa = PBXFileReference; lastKnownFileType = file.storyboard; name = Base; path = Base.lproj/Main.storyboard; sourceTree = "<group>"; };
		94DFC1351EA9B6D40039EF2B /* Assets.xcassets */ = {isa = PBXFileReference; lastKnownFileType = folder.assetcatalog; path = Assets.xcassets; sourceTree = "<group>"; };
		94DFC1381EA9B6D40039EF2B /* Base */ = {isa = PBXFileReference; lastKnownFileType = file.storyboard; name = Base; path = Base.lproj/LaunchScreen.storyboard; sourceTree = "<group>"; };
		94DFC13A1EA9B6D40039EF2B /* Info.plist */ = {isa = PBXFileReference; lastKnownFileType = text.plist.xml; path = Info.plist; sourceTree = "<group>"; };
		94DFC13F1EA9B6D50039EF2B /* BAHCollectionViewSelectionTests.xctest */ = {isa = PBXFileReference; explicitFileType = wrapper.cfbundle; includeInIndex = 0; path = BAHCollectionViewSelectionTests.xctest; sourceTree = BUILT_PRODUCTS_DIR; };
		94DFC1431EA9B6D50039EF2B /* BAHCollectionViewSelectionTests.m */ = {isa = PBXFileReference; lastKnownFileType = sourcecode.c.objc; path = BAHCollectionViewSelectionTests.m; sourceTree = "<group>"; };
		94DFC1451EA9B6D50039EF2B /* Info.plist */ = {isa = PBXFileReference; lastKnownFileType = text.plist.xml; path = Info.plist; sourceTree = "<group>"; };
		94DFC14A1EA9B6D50039EF2B /* BAHCollectionViewSelectionUITests.xctest */ = {isa = PBXFileReference; explicitFileType = wrapper.cfbundle; includeInIndex = 0; path = BAHCollectionViewSelectionUITests.xctest; sourceTree = BUILT_PRODUCTS_DIR; };
		94DFC14E1EA9B6D50039EF2B /* BAHCollectionViewSelectionUITests.m */ = {isa = PBXFileReference; lastKnownFileType = sourcecode.c.objc; path = BAHCollectionViewSelectionUITests.m; sourceTree = "<group>"; };
		94DFC1501EA9B6D50039EF2B /* Info.plist */ = {isa = PBXFileReference; lastKnownFileType = text.plist.xml; path = Info.plist; sourceTree = "<group>"; };
/* End PBXFileReference section */

/* Begin PBXFrameworksBuildPhase section */
		94DFC1231EA9B6D40039EF2B /* Frameworks */ = {
			isa = PBXFrameworksBuildPhase;
			buildActionMask = 2147483647;
			files = (
			);
			runOnlyForDeploymentPostprocessing = 0;
		};
		94DFC13C1EA9B6D50039EF2B /* Frameworks */ = {
			isa = PBXFrameworksBuildPhase;
			buildActionMask = 2147483647;
			files = (
			);
			runOnlyForDeploymentPostprocessing = 0;
		};
		94DFC1471EA9B6D50039EF2B /* Frameworks */ = {
			isa = PBXFrameworksBuildPhase;
			buildActionMask = 2147483647;
			files = (
			);
			runOnlyForDeploymentPostprocessing = 0;
		};
/* End PBXFrameworksBuildPhase section */

/* Begin PBXGroup section */
		9495C8631EAA1D8B00DAF6AC /* images */ = {
			isa = PBXGroup;
			children = (
				9495C8C11EB06B9D00DAF6AC /* delete.png */,
				9495C8641EAA1D8B00DAF6AC /* 1.png */,
				9495C8661EAA1D8B00DAF6AC /* 2.png */,
				9495C8671EAA1D8B00DAF6AC /* 3.png */,
				9495C8681EAA1D8B00DAF6AC /* 4.png */,
				9495C8691EAA1D8B00DAF6AC /* 5.png */,
				9495C86A1EAA1D8B00DAF6AC /* 6.png */,
				9495C86B1EAA1D8B00DAF6AC /* 7.png */,
				9495C86C1EAA1D8B00DAF6AC /* 8.png */,
				9495C86D1EAA1D8B00DAF6AC /* 9.png */,
				9495C8651EAA1D8B00DAF6AC /* 10.png */,
				9495C8AF1EAF1E5300DAF6AC /* 21.png */,
				9495C8B01EAF1E5300DAF6AC /* 22.png */,
				9495C8B11EAF1E5300DAF6AC /* 23.png */,
				9495C8B21EAF1E5300DAF6AC /* 24.png */,
				9495C8B31EAF1E5300DAF6AC /* 25.png */,
				9495C8B41EAF1E5300DAF6AC /* 26.png */,
				9495C8B51EAF1E5300DAF6AC /* 27.png */,
				9495C8B61EAF1E5300DAF6AC /* 28.png */,
				9495C8B71EAF1E5300DAF6AC /* 29.png */,
			);
			path = images;
			sourceTree = "<group>";
		};
		9495C88D1EAE2CFB00DAF6AC /* BAHFunctionView */ = {
			isa = PBXGroup;
			children = (
				9495C88E1EAE2CFB00DAF6AC /* BAHCollectionViewCell.h */,
				9495C88F1EAE2CFB00DAF6AC /* BAHCollectionViewCell.m */,
				9495C8901EAE2CFB00DAF6AC /* BAHCollectionViewCell.xib */,
				9495C8911EAE2CFB00DAF6AC /* BAHCollectionViewCellPlus.h */,
				9495C8921EAE2CFB00DAF6AC /* BAHCollectionViewCellPlus.m */,
				9495C8931EAE2CFB00DAF6AC /* BAHCollectionViewCellPlus.xib */,
				9495C8941EAE2CFB00DAF6AC /* BAHCollectionViewFlowLayout.h */,
				9495C8951EAE2CFB00DAF6AC /* BAHCollectionViewFlowLayout.m */,
				9495C8961EAE2CFB00DAF6AC /* BAHFunctionView.h */,
				9495C8971EAE2CFB00DAF6AC /* BAHFunctionView.m */,
			);
			path = BAHFunctionView;
			sourceTree = "<group>";
		};
		94DFC11D1EA9B6D40039EF2B = {
			isa = PBXGroup;
			children = (
				94DFC1281EA9B6D40039EF2B /* BAHCollectionViewSelection */,
				94DFC1421EA9B6D50039EF2B /* BAHCollectionViewSelectionTests */,
				94DFC14D1EA9B6D50039EF2B /* BAHCollectionViewSelectionUITests */,
				94DFC1271EA9B6D40039EF2B /* Products */,
			);
			sourceTree = "<group>";
		};
		94DFC1271EA9B6D40039EF2B /* Products */ = {
			isa = PBXGroup;
			children = (
				94DFC1261EA9B6D40039EF2B /* BAHCollectionViewSelection.app */,
				94DFC13F1EA9B6D50039EF2B /* BAHCollectionViewSelectionTests.xctest */,
				94DFC14A1EA9B6D50039EF2B /* BAHCollectionViewSelectionUITests.xctest */,
			);
			name = Products;
			sourceTree = "<group>";
		};
		94DFC1281EA9B6D40039EF2B /* BAHCollectionViewSelection */ = {
			isa = PBXGroup;
			children = (
				9495C88D1EAE2CFB00DAF6AC /* BAHFunctionView */,
				9495C8631EAA1D8B00DAF6AC /* images */,
				94DFC12C1EA9B6D40039EF2B /* AppDelegate.h */,
				94DFC12D1EA9B6D40039EF2B /* AppDelegate.m */,
				94DFC12F1EA9B6D40039EF2B /* ViewController.h */,
				94DFC1301EA9B6D40039EF2B /* ViewController.m */,
				9495C88A1EAE247C00DAF6AC /* BAHMoreViewController.h */,
				9495C88B1EAE247C00DAF6AC /* BAHMoreViewController.m */,
				94DFC1321EA9B6D40039EF2B /* Main.storyboard */,
				94DFC1351EA9B6D40039EF2B /* Assets.xcassets */,
				94DFC1371EA9B6D40039EF2B /* LaunchScreen.storyboard */,
				94DFC13A1EA9B6D40039EF2B /* Info.plist */,
				94DFC1291EA9B6D40039EF2B /* Supporting Files */,
			);
			path = BAHCollectionViewSelection;
			sourceTree = "<group>";
		};
		94DFC1291EA9B6D40039EF2B /* Supporting Files */ = {
			isa = PBXGroup;
			children = (
				94DFC12A1EA9B6D40039EF2B /* main.m */,
			);
			name = "Supporting Files";
			sourceTree = "<group>";
		};
		94DFC1421EA9B6D50039EF2B /* BAHCollectionViewSelectionTests */ = {
			isa = PBXGroup;
			children = (
				94DFC1431EA9B6D50039EF2B /* BAHCollectionViewSelectionTests.m */,
				94DFC1451EA9B6D50039EF2B /* Info.plist */,
			);
			path = BAHCollectionViewSelectionTests;
			sourceTree = "<group>";
		};
		94DFC14D1EA9B6D50039EF2B /* BAHCollectionViewSelectionUITests */ = {
			isa = PBXGroup;
			children = (
				94DFC14E1EA9B6D50039EF2B /* BAHCollectionViewSelectionUITests.m */,
				94DFC1501EA9B6D50039EF2B /* Info.plist */,
			);
			path = BAHCollectionViewSelectionUITests;
			sourceTree = "<group>";
		};
/* End PBXGroup section */

/* Begin PBXNativeTarget section */
		94DFC1251EA9B6D40039EF2B /* BAHCollectionViewSelection */ = {
			isa = PBXNativeTarget;
			buildConfigurationList = 94DFC1531EA9B6D50039EF2B /* Build configuration list for PBXNativeTarget "BAHCollectionViewSelection" */;
			buildPhases = (
				94DFC1221EA9B6D40039EF2B /* Sources */,
				94DFC1231EA9B6D40039EF2B /* Frameworks */,
				94DFC1241EA9B6D40039EF2B /* Resources */,
			);
			buildRules = (
			);
			dependencies = (
			);
			name = BAHCollectionViewSelection;
			productName = BAHCollectionViewSelection;
			productReference = 94DFC1261EA9B6D40039EF2B /* BAHCollectionViewSelection.app */;
			productType = "com.apple.product-type.application";
		};
		94DFC13E1EA9B6D50039EF2B /* BAHCollectionViewSelectionTests */ = {
			isa = PBXNativeTarget;
			buildConfigurationList = 94DFC1561EA9B6D50039EF2B /* Build configuration list for PBXNativeTarget "BAHCollectionViewSelectionTests" */;
			buildPhases = (
				94DFC13B1EA9B6D50039EF2B /* Sources */,
				94DFC13C1EA9B6D50039EF2B /* Frameworks */,
				94DFC13D1EA9B6D50039EF2B /* Resources */,
			);
			buildRules = (
			);
			dependencies = (
				94DFC1411EA9B6D50039EF2B /* PBXTargetDependency */,
			);
			name = BAHCollectionViewSelectionTests;
			productName = BAHCollectionViewSelectionTests;
			productReference = 94DFC13F1EA9B6D50039EF2B /* BAHCollectionViewSelectionTests.xctest */;
			productType = "com.apple.product-type.bundle.unit-test";
		};
		94DFC1491EA9B6D50039EF2B /* BAHCollectionViewSelectionUITests */ = {
			isa = PBXNativeTarget;
			buildConfigurationList = 94DFC1591EA9B6D50039EF2B /* Build configuration list for PBXNativeTarget "BAHCollectionViewSelectionUITests" */;
			buildPhases = (
				94DFC1461EA9B6D50039EF2B /* Sources */,
				94DFC1471EA9B6D50039EF2B /* Frameworks */,
				94DFC1481EA9B6D50039EF2B /* Resources */,
			);
			buildRules = (
			);
			dependencies = (
				94DFC14C1EA9B6D50039EF2B /* PBXTargetDependency */,
			);
			name = BAHCollectionViewSelectionUITests;
			productName = BAHCollectionViewSelectionUITests;
			productReference = 94DFC14A1EA9B6D50039EF2B /* BAHCollectionViewSelectionUITests.xctest */;
			productType = "com.apple.product-type.bundle.ui-testing";
		};
/* End PBXNativeTarget section */

/* Begin PBXProject section */
		94DFC11E1EA9B6D40039EF2B /* Project object */ = {
			isa = PBXProject;
			attributes = {
				LastUpgradeCheck = 0820;
				ORGANIZATIONNAME = BAH;
				TargetAttributes = {
					94DFC1251EA9B6D40039EF2B = {
						CreatedOnToolsVersion = 8.2.1;
						DevelopmentTeam = L4BT67DB2U;
						ProvisioningStyle = Automatic;
					};
					94DFC13E1EA9B6D50039EF2B = {
						CreatedOnToolsVersion = 8.2.1;
						DevelopmentTeam = L4BT67DB2U;
						ProvisioningStyle = Automatic;
						TestTargetID = 94DFC1251EA9B6D40039EF2B;
					};
					94DFC1491EA9B6D50039EF2B = {
						CreatedOnToolsVersion = 8.2.1;
						DevelopmentTeam = L4BT67DB2U;
						ProvisioningStyle = Automatic;
						TestTargetID = 94DFC1251EA9B6D40039EF2B;
					};
				};
			};
			buildConfigurationList = 94DFC1211EA9B6D40039EF2B /* Build configuration list for PBXProject "BAHCollectionViewSelection" */;
			compatibilityVersion = "Xcode 3.2";
			developmentRegion = English;
			hasScannedForEncodings = 0;
			knownRegions = (
				en,
				Base,
			);
			mainGroup = 94DFC11D1EA9B6D40039EF2B;
			productRefGroup = 94DFC1271EA9B6D40039EF2B /* Products */;
			projectDirPath = "";
			projectRoot = "";
			targets = (
				94DFC1251EA9B6D40039EF2B /* BAHCollectionViewSelection */,
				94DFC13E1EA9B6D50039EF2B /* BAHCollectionViewSelectionTests */,
				94DFC1491EA9B6D50039EF2B /* BAHCollectionViewSelectionUITests */,
			);
		};
/* End PBXProject section */

/* Begin PBXResourcesBuildPhase section */
		94DFC1241EA9B6D40039EF2B /* Resources */ = {
			isa = PBXResourcesBuildPhase;
			buildActionMask = 2147483647;
			files = (
				9495C8BC1EAF1E5300DAF6AC /* 25.png in Resources */,
				9495C8741EAA1D8B00DAF6AC /* 6.png in Resources */,
				9495C8721EAA1D8B00DAF6AC /* 4.png in Resources */,
				9495C8C21EB06B9D00DAF6AC /* delete.png in Resources */,
				9495C8BD1EAF1E5300DAF6AC /* 26.png in Resources */,
				9495C8731EAA1D8B00DAF6AC /* 5.png in Resources */,
				9495C8751EAA1D8B00DAF6AC /* 7.png in Resources */,
				94DFC1391EA9B6D40039EF2B /* LaunchScreen.storyboard in Resources */,
				9495C8BB1EAF1E5300DAF6AC /* 24.png in Resources */,
				9495C89B1EAE2CFB00DAF6AC /* BAHCollectionViewCellPlus.xib in Resources */,
				9495C8BA1EAF1E5300DAF6AC /* 23.png in Resources */,
				9495C8701EAA1D8B00DAF6AC /* 2.png in Resources */,
				9495C8711EAA1D8B00DAF6AC /* 3.png in Resources */,
				9495C8C01EAF1E5300DAF6AC /* 29.png in Resources */,
				9495C86F1EAA1D8B00DAF6AC /* 10.png in Resources */,
				9495C8771EAA1D8B00DAF6AC /* 9.png in Resources */,
				9495C8BF1EAF1E5300DAF6AC /* 28.png in Resources */,
				9495C8BE1EAF1E5300DAF6AC /* 27.png in Resources */,
				9495C8761EAA1D8B00DAF6AC /* 8.png in Resources */,
				9495C8991EAE2CFB00DAF6AC /* BAHCollectionViewCell.xib in Resources */,
				9495C8B81EAF1E5300DAF6AC /* 21.png in Resources */,
				94DFC1361EA9B6D40039EF2B /* Assets.xcassets in Resources */,
				94DFC1341EA9B6D40039EF2B /* Main.storyboard in Resources */,
				9495C86E1EAA1D8B00DAF6AC /* 1.png in Resources */,
				9495C8B91EAF1E5300DAF6AC /* 22.png in Resources */,
			);
			runOnlyForDeploymentPostprocessing = 0;
		};
		94DFC13D1EA9B6D50039EF2B /* Resources */ = {
			isa = PBXResourcesBuildPhase;
			buildActionMask = 2147483647;
			files = (
			);
			runOnlyForDeploymentPostprocessing = 0;
		};
		94DFC1481EA9B6D50039EF2B /* Resources */ = {
			isa = PBXResourcesBuildPhase;
			buildActionMask = 2147483647;
			files = (
			);
			runOnlyForDeploymentPostprocessing = 0;
		};
/* End PBXResourcesBuildPhase section */

/* Begin PBXSourcesBuildPhase section */
		94DFC1221EA9B6D40039EF2B /* Sources */ = {
			isa = PBXSourcesBuildPhase;
			buildActionMask = 2147483647;
			files = (
				9495C89A1EAE2CFB00DAF6AC /* BAHCollectionViewCellPlus.m in Sources */,
				94DFC1311EA9B6D40039EF2B /* ViewController.m in Sources */,
				9495C89D1EAE2CFB00DAF6AC /* BAHFunctionView.m in Sources */,
				94DFC12E1EA9B6D40039EF2B /* AppDelegate.m in Sources */,
				94DFC12B1EA9B6D40039EF2B /* main.m in Sources */,
				9495C8981EAE2CFB00DAF6AC /* BAHCollectionViewCell.m in Sources */,
				9495C88C1EAE247C00DAF6AC /* BAHMoreViewController.m in Sources */,
				9495C89C1EAE2CFB00DAF6AC /* BAHCollectionViewFlowLayout.m in Sources */,
			);
			runOnlyForDeploymentPostprocessing = 0;
		};
		94DFC13B1EA9B6D50039EF2B /* Sources */ = {
			isa = PBXSourcesBuildPhase;
			buildActionMask = 2147483647;
			files = (
				94DFC1441EA9B6D50039EF2B /* BAHCollectionViewSelectionTests.m in Sources */,
			);
			runOnlyForDeploymentPostprocessing = 0;
		};
		94DFC1461EA9B6D50039EF2B /* Sources */ = {
			isa = PBXSourcesBuildPhase;
			buildActionMask = 2147483647;
			files = (
				94DFC14F1EA9B6D50039EF2B /* BAHCollectionViewSelectionUITests.m in Sources */,
			);
			runOnlyForDeploymentPostprocessing = 0;
		};
/* End PBXSourcesBuildPhase section */

/* Begin PBXTargetDependency section */
		94DFC1411EA9B6D50039EF2B /* PBXTargetDependency */ = {
			isa = PBXTargetDependency;
			target = 94DFC1251EA9B6D40039EF2B /* BAHCollectionViewSelection */;
			targetProxy = 94DFC1401EA9B6D50039EF2B /* PBXContainerItemProxy */;
		};
		94DFC14C1EA9B6D50039EF2B /* PBXTargetDependency */ = {
			isa = PBXTargetDependency;
			target = 94DFC1251EA9B6D40039EF2B /* BAHCollectionViewSelection */;
			targetProxy = 94DFC14B1EA9B6D50039EF2B /* PBXContainerItemProxy */;
		};
/* End PBXTargetDependency section */

/* Begin PBXVariantGroup section */
		94DFC1321EA9B6D40039EF2B /* Main.storyboard */ = {
			isa = PBXVariantGroup;
			children = (
				94DFC1331EA9B6D40039EF2B /* Base */,
			);
			name = Main.storyboard;
			sourceTree = "<group>";
		};
		94DFC1371EA9B6D40039EF2B /* LaunchScreen.storyboard */ = {
			isa = PBXVariantGroup;
			children = (
				94DFC1381EA9B6D40039EF2B /* Base */,
			);
			name = LaunchScreen.storyboard;
			sourceTree = "<group>";
		};
/* End PBXVariantGroup section */

/* Begin XCBuildConfiguration section */
		94DFC1511EA9B6D50039EF2B /* Debug */ = {
			isa = XCBuildConfiguration;
			buildSettings = {
				ALWAYS_SEARCH_USER_PATHS = NO;
				CLANG_ANALYZER_NONNULL = YES;
				CLANG_CXX_LANGUAGE_STANDARD = "gnu++0x";
				CLANG_CXX_LIBRARY = "libc++";
				CLANG_ENABLE_MODULES = YES;
				CLANG_ENABLE_OBJC_ARC = YES;
				CLANG_WARN_BOOL_CONVERSION = YES;
				CLANG_WARN_CONSTANT_CONVERSION = YES;
				CLANG_WARN_DIRECT_OBJC_ISA_USAGE = YES_ERROR;
				CLANG_WARN_DOCUMENTATION_COMMENTS = YES;
				CLANG_WARN_EMPTY_BODY = YES;
				CLANG_WARN_ENUM_CONVERSION = YES;
				CLANG_WARN_INFINITE_RECURSION = YES;
				CLANG_WARN_INT_CONVERSION = YES;
				CLANG_WARN_OBJC_ROOT_CLASS = YES_ERROR;
				CLANG_WARN_SUSPICIOUS_MOVE = YES;
				CLANG_WARN_UNREACHABLE_CODE = YES;
				CLANG_WARN__DUPLICATE_METHOD_MATCH = YES;
				"CODE_SIGN_IDENTITY[sdk=iphoneos*]" = "iPhone Developer";
				COPY_PHASE_STRIP = NO;
				DEBUG_INFORMATION_FORMAT = dwarf;
				ENABLE_STRICT_OBJC_MSGSEND = YES;
				ENABLE_TESTABILITY = YES;
				GCC_C_LANGUAGE_STANDARD = gnu99;
				GCC_DYNAMIC_NO_PIC = NO;
				GCC_NO_COMMON_BLOCKS = YES;
				GCC_OPTIMIZATION_LEVEL = 0;
				GCC_PREPROCESSOR_DEFINITIONS = (
					"DEBUG=1",
					"$(inherited)",
				);
				GCC_WARN_64_TO_32_BIT_CONVERSION = YES;
				GCC_WARN_ABOUT_RETURN_TYPE = YES_ERROR;
				GCC_WARN_UNDECLARED_SELECTOR = YES;
				GCC_WARN_UNINITIALIZED_AUTOS = YES_AGGRESSIVE;
				GCC_WARN_UNUSED_FUNCTION = YES;
				GCC_WARN_UNUSED_VARIABLE = YES;
				IPHONEOS_DEPLOYMENT_TARGET = 10.2;
				MTL_ENABLE_DEBUG_INFO = YES;
				ONLY_ACTIVE_ARCH = YES;
				SDKROOT = iphoneos;
			};
			name = Debug;
		};
		94DFC1521EA9B6D50039EF2B /* Release */ = {
			isa = XCBuildConfiguration;
			buildSettings = {
				ALWAYS_SEARCH_USER_PATHS = NO;
				CLANG_ANALYZER_NONNULL = YES;
				CLANG_CXX_LANGUAGE_STANDARD = "gnu++0x";
				CLANG_CXX_LIBRARY = "libc++";
				CLANG_ENABLE_MODULES = YES;
				CLANG_ENABLE_OBJC_ARC = YES;
				CLANG_WARN_BOOL_CONVERSION = YES;
				CLANG_WARN_CONSTANT_CONVERSION = YES;
				CLANG_WARN_DIRECT_OBJC_ISA_USAGE = YES_ERROR;
				CLANG_WARN_DOCUMENTATION_COMMENTS = YES;
				CLANG_WARN_EMPTY_BODY = YES;
				CLANG_WARN_ENUM_CONVERSION = YES;
				CLANG_WARN_INFINITE_RECURSION = YES;
				CLANG_WARN_INT_CONVERSION = YES;
				CLANG_WARN_OBJC_ROOT_CLASS = YES_ERROR;
				CLANG_WARN_SUSPICIOUS_MOVE = YES;
				CLANG_WARN_UNREACHABLE_CODE = YES;
				CLANG_WARN__DUPLICATE_METHOD_MATCH = YES;
				"CODE_SIGN_IDENTITY[sdk=iphoneos*]" = "iPhone Developer";
				COPY_PHASE_STRIP = NO;
				DEBUG_INFORMATION_FORMAT = "dwarf-with-dsym";
				ENABLE_NS_ASSERTIONS = NO;
				ENABLE_STRICT_OBJC_MSGSEND = YES;
				GCC_C_LANGUAGE_STANDARD = gnu99;
				GCC_NO_COMMON_BLOCKS = YES;
				GCC_WARN_64_TO_32_BIT_CONVERSION = YES;
				GCC_WARN_ABOUT_RETURN_TYPE = YES_ERROR;
				GCC_WARN_UNDECLARED_SELECTOR = YES;
				GCC_WARN_UNINITIALIZED_AUTOS = YES_AGGRESSIVE;
				GCC_WARN_UNUSED_FUNCTION = YES;
				GCC_WARN_UNUSED_VARIABLE = YES;
				IPHONEOS_DEPLOYMENT_TARGET = 10.2;
				MTL_ENABLE_DEBUG_INFO = NO;
				SDKROOT = iphoneos;
				VALIDATE_PRODUCT = YES;
			};
			name = Release;
		};
		94DFC1541EA9B6D50039EF2B /* Debug */ = {
			isa = XCBuildConfiguration;
			buildSettings = {
				ASSETCATALOG_COMPILER_APPICON_NAME = AppIcon;
				DEVELOPMENT_TEAM = L4BT67DB2U;
				INFOPLIST_FILE = BAHCollectionViewSelection/Info.plist;
				IPHONEOS_DEPLOYMENT_TARGET = 8.0;
				LD_RUNPATH_SEARCH_PATHS = "$(inherited) @executable_path/Frameworks";
				PRODUCT_BUNDLE_IDENTIFIER = "com.basehuang.-.BAHCollectionViewSelection";
				PRODUCT_NAME = "$(TARGET_NAME)";
			};
			name = Debug;
		};
		94DFC1551EA9B6D50039EF2B /* Release */ = {
			isa = XCBuildConfiguration;
			buildSettings = {
				ASSETCATALOG_COMPILER_APPICON_NAME = AppIcon;
				DEVELOPMENT_TEAM = L4BT67DB2U;
				INFOPLIST_FILE = BAHCollectionViewSelection/Info.plist;
				IPHONEOS_DEPLOYMENT_TARGET = 8.0;
				LD_RUNPATH_SEARCH_PATHS = "$(inherited) @executable_path/Frameworks";
				PRODUCT_BUNDLE_IDENTIFIER = "com.basehuang.-.BAHCollectionViewSelection";
				PRODUCT_NAME = "$(TARGET_NAME)";
			};
			name = Release;
		};
		94DFC1571EA9B6D50039EF2B /* Debug */ = {
			isa = XCBuildConfiguration;
			buildSettings = {
				BUNDLE_LOADER = "$(TEST_HOST)";
				DEVELOPMENT_TEAM = L4BT67DB2U;
				INFOPLIST_FILE = BAHCollectionViewSelectionTests/Info.plist;
				LD_RUNPATH_SEARCH_PATHS = "$(inherited) @executable_path/Frameworks @loader_path/Frameworks";
				PRODUCT_BUNDLE_IDENTIFIER = "com.basehuang.-.BAHCollectionViewSelectionTests";
				PRODUCT_NAME = "$(TARGET_NAME)";
				TEST_HOST = "$(BUILT_PRODUCTS_DIR)/BAHCollectionViewSelection.app/BAHCollectionViewSelection";
			};
			name = Debug;
		};
		94DFC1581EA9B6D50039EF2B /* Release */ = {
			isa = XCBuildConfiguration;
			buildSettings = {
				BUNDLE_LOADER = "$(TEST_HOST)";
				DEVELOPMENT_TEAM = L4BT67DB2U;
				INFOPLIST_FILE = BAHCollectionViewSelectionTests/Info.plist;
				LD_RUNPATH_SEARCH_PATHS = "$(inherited) @executable_path/Frameworks @loader_path/Frameworks";
				PRODUCT_BUNDLE_IDENTIFIER = "com.basehuang.-.BAHCollectionViewSelectionTests";
				PRODUCT_NAME = "$(TARGET_NAME)";
				TEST_HOST = "$(BUILT_PRODUCTS_DIR)/BAHCollectionViewSelection.app/BAHCollectionViewSelection";
			};
			name = Release;
		};
		94DFC15A1EA9B6D50039EF2B /* Debug */ = {
			isa = XCBuildConfiguration;
			buildSettings = {
				DEVELOPMENT_TEAM = L4BT67DB2U;
				INFOPLIST_FILE = BAHCollectionViewSelectionUITests/Info.plist;
				LD_RUNPATH_SEARCH_PATHS = "$(inherited) @executable_path/Frameworks @loader_path/Frameworks";
				PRODUCT_BUNDLE_IDENTIFIER = "com.basehuang.-.BAHCollectionViewSelectionUITests";
				PRODUCT_NAME = "$(TARGET_NAME)";
				TEST_TARGET_NAME = BAHCollectionViewSelection;
			};
			name = Debug;
		};
		94DFC15B1EA9B6D50039EF2B /* Release */ = {
			isa = XCBuildConfiguration;
			buildSettings = {
				DEVELOPMENT_TEAM = L4BT67DB2U;
				INFOPLIST_FILE = BAHCollectionViewSelectionUITests/Info.plist;
				LD_RUNPATH_SEARCH_PATHS = "$(inherited) @executable_path/Frameworks @loader_path/Frameworks";
				PRODUCT_BUNDLE_IDENTIFIER = "com.basehuang.-.BAHCollectionViewSelectionUITests";
				PRODUCT_NAME = "$(TARGET_NAME)";
				TEST_TARGET_NAME = BAHCollectionViewSelection;
			};
			name = Release;
		};
/* End XCBuildConfiguration section */

/* Begin XCConfigurationList section */
		94DFC1211EA9B6D40039EF2B /* Build configuration list for PBXProject "BAHCollectionViewSelection" */ = {
			isa = XCConfigurationList;
			buildConfigurations = (
				94DFC1511EA9B6D50039EF2B /* Debug */,
				94DFC1521EA9B6D50039EF2B /* Release */,
			);
			defaultConfigurationIsVisible = 0;
			defaultConfigurationName = Release;
		};
		94DFC1531EA9B6D50039EF2B /* Build configuration list for PBXNativeTarget "BAHCollectionViewSelection" */ = {
			isa = XCConfigurationList;
			buildConfigurations = (
				94DFC1541EA9B6D50039EF2B /* Debug */,
				94DFC1551EA9B6D50039EF2B /* Release */,
			);
			defaultConfigurationIsVisible = 0;
			defaultConfigurationName = Release;
		};
		94DFC1561EA9B6D50039EF2B /* Build configuration list for PBXNativeTarget "BAHCollectionViewSelectionTests" */ = {
			isa = XCConfigurationList;
			buildConfigurations = (
				94DFC1571EA9B6D50039EF2B /* Debug */,
				94DFC1581EA9B6D50039EF2B /* Release */,
			);
			defaultConfigurationIsVisible = 0;
			defaultConfigurationName = Release;
		};
		94DFC1591EA9B6D50039EF2B /* Build configuration list for PBXNativeTarget "BAHCollectionViewSelectionUITests" */ = {
			isa = XCConfigurationList;
			buildConfigurations = (
				94DFC15A1EA9B6D50039EF2B /* Debug */,
				94DFC15B1EA9B6D50039EF2B /* Release */,
			);
			defaultConfigurationIsVisible = 0;
			defaultConfigurationName = Release;
		};
/* End XCConfigurationList section */
	};
	rootObject = 94DFC11E1EA9B6D40039EF2B /* Project object */;
}
